
Microsoft Visual Studio Solution File, Format Version 12.00
# Visual Studio Version 16
VisualStudioVersion = 16.0.31129.286
MinimumVisualStudioVersion = 10.0.40219.1
Project("{FAE04EC0-301F-11D3-BF4B-00C04F79EFBC}") = "WebApplication2", "WebApplication2\WebApplication2.csproj", "{1221CE8D-1A47-4347-A58F-90C9D1F4B4E9}"
EndProject
Global
	GlobalSection(SolutionConfigurationPlatforms) = preSolution
		Debug|Any CPU = Debug|Any CPU
		Release|Any CPU = Release|Any CPU
	EndGlobalSection
	GlobalSection(ProjectConfigurationPlatforms) = postSolution
		{1221CE8D-1A47-4347-A58F-90C9D1F4B4E9}.Debug|Any CPU.ActiveCfg = Debug|Any CPU
		{1221CE8D-1A47-4347-A58F-90C9D1F4B4E9}.Debug|Any CPU.Build.0 = Debug|Any CPU
		{1221CE8D-1A47-4347-A58F-90C9D1F4B4E9}.Release|Any CPU.ActiveCfg = Release|Any CPU
		{1221CE8D-1A47-4347-A58F-90C9D1F4B4E9}.Release|Any CPU.Build.0 = Release|Any CPU
	EndGlobalSection
	GlobalSection(SolutionProperties) = preSolution
		HideSolutionNode = FALSE
	EndGlobalSection
	GlobalSection(ExtensibilityGlobals) = postSolution
		SolutionGuid = {569BF909-01AC-4178-B30B-D58A3EAF51C8}
	EndGlobalSection
EndGlobal
